
Microsoft Visual Studio Solution File, Format Version 12.00
# Visual Studio 15
VisualStudioVersion = 15.0.28307.1433
MinimumVisualStudioVersion = 10.0.40219.1
Project("{FAE04EC0-301F-11D3-BF4B-00C04F79EFBC}") = "Timekeeper", "Timekeeper\Timekeeper.csproj", "{4D457368-F639-4E09-94EC-9D14D3BBAD16}"
EndProject
Global
	GlobalSection(SolutionConfigurationPlatforms) = preSolution
		Debug|Any CPU = Debug|Any CPU
		Debug|x86 = Debug|x86
		Release|Any CPU = Release|Any CPU
		Release|x86 = Release|x86
	EndGlobalSection
	GlobalSection(ProjectConfigurationPlatforms) = postSolution
		{4D457368-F639-4E09-94EC-9D14D3BBAD16}.Debug|Any CPU.ActiveCfg = Debug|Any CPU
		{4D457368-F639-4E09-94EC-9D14D3BBAD16}.Debug|Any CPU.Build.0 = Debug|Any CPU
		{4D457368-F639-4E09-94EC-9D14D3BBAD16}.Debug|x86.ActiveCfg = Debug|x86
		{4D457368-F639-4E09-94EC-9D14D3BBAD16}.Debug|x86.Build.0 = Debug|x86
		{4D457368-F639-4E09-94EC-9D14D3BBAD16}.Release|Any CPU.ActiveCfg = Release|Any CPU
		{4D457368-F639-4E09-94EC-9D14D3BBAD16}.Release|Any CPU.Build.0 = Release|Any CPU
		{4D457368-F639-4E09-94EC-9D14D3BBAD16}.Release|x86.ActiveCfg = Release|x86
		{4D457368-F639-4E09-94EC-9D14D3BBAD16}.Release|x86.Build.0 = Release|x86
	EndGlobalSection
	GlobalSection(SolutionProperties) = preSolution
		HideSolutionNode = FALSE
	EndGlobalSection
	GlobalSection(ExtensibilityGlobals) = postSolution
		SolutionGuid = {6384125F-5DB2-4A09-A012-3C8765072C08}
	EndGlobalSection
EndGlobal
